# This file is generated by running "yarn install" inside your project.
# Manual changes might be lost - proceed with caution!

__metadata:
  version: 8
  cacheKey: 10c0

"@esbuild/aix-ppc64@npm:0.24.0":
  version: 0.24.0
  resolution: "@esbuild/aix-ppc64@npm:0.24.0"
  conditions: os=aix & cpu=ppc64
  languageName: node
  linkType: hard

"@esbuild/android-arm64@npm:0.24.0":
  version: 0.24.0
  resolution: "@esbuild/android-arm64@npm:0.24.0"
  conditions: os=android & cpu=arm64
  languageName: node
  linkType: hard

"@esbuild/android-arm@npm:0.24.0":
  version: 0.24.0
  resolution: "@esbuild/android-arm@npm:0.24.0"
  conditions: os=android & cpu=arm
  languageName: node
  linkType: hard

"@esbuild/android-x64@npm:0.24.0":
  version: 0.24.0
  resolution: "@esbuild/android-x64@npm:0.24.0"
  conditions: os=android & cpu=x64
  languageName: node
  linkType: hard

"@esbuild/darwin-arm64@npm:0.24.0":
  version: 0.24.0
  resolution: "@esbuild/darwin-arm64@npm:0.24.0"
  conditions: os=darwin & cpu=arm64
  languageName: node
  linkType: hard

"@esbuild/darwin-x64@npm:0.24.0":
  version: 0.24.0
  resolution: "@esbuild/darwin-x64@npm:0.24.0"
  conditions: os=darwin & cpu=x64
  languageName: node
  linkType: hard

"@esbuild/freebsd-arm64@npm:0.24.0":
  version: 0.24.0
  resolution: "@esbuild/freebsd-arm64@npm:0.24.0"
  conditions: os=freebsd & cpu=arm64
  languageName: node
  linkType: hard

"@esbuild/freebsd-x64@npm:0.24.0":
  version: 0.24.0
  resolution: "@esbuild/freebsd-x64@npm:0.24.0"
  conditions: os=freebsd & cpu=x64
  languageName: node
  linkType: hard

"@esbuild/linux-arm64@npm:0.24.0":
  version: 0.24.0
  resolution: "@esbuild/linux-arm64@npm:0.24.0"
  conditions: os=linux & cpu=arm64
  languageName: node
  linkType: hard

"@esbuild/linux-arm@npm:0.24.0":
  version: 0.24.0
  resolution: "@esbuild/linux-arm@npm:0.24.0"
  conditions: os=linux & cpu=arm
  languageName: node
  linkType: hard

"@esbuild/linux-ia32@npm:0.24.0":
  version: 0.24.0
  resolution: "@esbuild/linux-ia32@npm:0.24.0"
  conditions: os=linux & cpu=ia32
  languageName: node
  linkType: hard

"@esbuild/linux-loong64@npm:0.24.0":
  version: 0.24.0
  resolution: "@esbuild/linux-loong64@npm:0.24.0"
  conditions: os=linux & cpu=loong64
  languageName: node
  linkType: hard

"@esbuild/linux-mips64el@npm:0.24.0":
  version: 0.24.0
  resolution: "@esbuild/linux-mips64el@npm:0.24.0"
  conditions: os=linux & cpu=mips64el
  languageName: node
  linkType: hard

"@esbuild/linux-ppc64@npm:0.24.0":
  version: 0.24.0
  resolution: "@esbuild/linux-ppc64@npm:0.24.0"
  conditions: os=linux & cpu=ppc64
  languageName: node
  linkType: hard

"@esbuild/linux-riscv64@npm:0.24.0":
  version: 0.24.0
  resolution: "@esbuild/linux-riscv64@npm:0.24.0"
  conditions: os=linux & cpu=riscv64
  languageName: node
  linkType: hard

"@esbuild/linux-s390x@npm:0.24.0":
  version: 0.24.0
  resolution: "@esbuild/linux-s390x@npm:0.24.0"
  conditions: os=linux & cpu=s390x
  languageName: node
  linkType: hard

"@esbuild/linux-x64@npm:0.24.0":
  version: 0.24.0
  resolution: "@esbuild/linux-x64@npm:0.24.0"
  conditions: os=linux & cpu=x64
  languageName: node
  linkType: hard

"@esbuild/netbsd-x64@npm:0.24.0":
  version: 0.24.0
  resolution: "@esbuild/netbsd-x64@npm:0.24.0"
  conditions: os=netbsd & cpu=x64
  languageName: node
  linkType: hard

"@esbuild/openbsd-arm64@npm:0.24.0":
  version: 0.24.0
  resolution: "@esbuild/openbsd-arm64@npm:0.24.0"
  conditions: os=openbsd & cpu=arm64
  languageName: node
  linkType: hard

"@esbuild/openbsd-x64@npm:0.24.0":
  version: 0.24.0
  resolution: "@esbuild/openbsd-x64@npm:0.24.0"
  conditions: os=openbsd & cpu=x64
  languageName: node
  linkType: hard

"@esbuild/sunos-x64@npm:0.24.0":
  version: 0.24.0
  resolution: "@esbuild/sunos-x64@npm:0.24.0"
  conditions: os=sunos & cpu=x64
  languageName: node
  linkType: hard

"@esbuild/win32-arm64@npm:0.24.0":
  version: 0.24.0
  resolution: "@esbuild/win32-arm64@npm:0.24.0"
  conditions: os=win32 & cpu=arm64
  languageName: node
  linkType: hard

"@esbuild/win32-ia32@npm:0.24.0":
  version: 0.24.0
  resolution: "@esbuild/win32-ia32@npm:0.24.0"
  conditions: os=win32 & cpu=ia32
  languageName: node
  linkType: hard

"@esbuild/win32-x64@npm:0.24.0":
  version: 0.24.0
  resolution: "@esbuild/win32-x64@npm:0.24.0"
  conditions: os=win32 & cpu=x64
  languageName: node
  linkType: hard

"@hotwired/stimulus@npm:^3.2.2":
  version: 3.2.2
  resolution: "@hotwired/stimulus@npm:3.2.2"
  checksum: 10c0/3793919e353d28424f57d07e6b634bf6e8821c227acfa2a608aaa8bdfe7e80479acef12705168ca866f3c231399f4a939fb0cd089aaae04c406b3d885a3b35ea
  languageName: node
  linkType: hard

"@hotwired/turbo-rails@npm:^8.0.12":
  version: 8.0.12
  resolution: "@hotwired/turbo-rails@npm:8.0.12"
  dependencies:
    "@hotwired/turbo": "npm:^8.0.12"
    "@rails/actioncable": "npm:^7.0"
  checksum: 10c0/9a1bb2356edaed85a96c23f057468aa744f1f61339df60cb3db536fc2da64ade9d3cf2ad2524c656eb162908f77d9c0273b0dcdde0a65b812fb9f6d4def6ebb5
  languageName: node
  linkType: hard

"@hotwired/turbo@npm:^8.0.12":
  version: 8.0.12
  resolution: "@hotwired/turbo@npm:8.0.12"
  checksum: 10c0/59fb5f87620a8819968fa54797d672bd59694dc5813bac6070cab204c6845fde50b36c308f6478e187665fd0550c63e674b8d55b9bb92951e56c9159783b5bf3
  languageName: node
  linkType: hard

"@rails/actioncable@npm:^7.0":
  version: 7.2.102
  resolution: "@rails/actioncable@npm:7.2.102"
  checksum: 10c0/ed8f0a4467f0ebd5800eb2f8405b07d383d69448499673d261d1c56dafe1be97ab0b97314a8e6aea58f8a0c717e40d3f4e075856a63009e3cb0051ca03f653e3
  languageName: node
  linkType: hard

"@remix-run/router@npm:1.20.0":
  version: 1.20.0
  resolution: "@remix-run/router@npm:1.20.0"
  checksum: 10c0/2e017dea530717a6e93a16d478714c4c9165313a1c48e39172ec609bc20324ca6362e8ee2243602df6343644c9268d82a3f50f154d3bb8a17dddde6c37be6e83
  languageName: node
  linkType: hard

"@types/prop-types@npm:*":
  version: 15.7.13
  resolution: "@types/prop-types@npm:15.7.13"
  checksum: 10c0/1b20fc67281902c6743379960247bc161f3f0406ffc0df8e7058745a85ea1538612109db0406290512947f9632fe9e10e7337bf0ce6338a91d6c948df16a7c61
  languageName: node
  linkType: hard

"@types/react-dom@npm:^18.3.1":
  version: 18.3.1
  resolution: "@types/react-dom@npm:18.3.1"
  dependencies:
    "@types/react": "npm:*"
  checksum: 10c0/8b416551c60bb6bd8ec10e198c957910cfb271bc3922463040b0d57cf4739cdcd24b13224f8d68f10318926e1ec3cd69af0af79f0291b599a992f8c80d47f1eb
  languageName: node
  linkType: hard

"@types/react@npm:*":
  version: 18.3.12
  resolution: "@types/react@npm:18.3.12"
  dependencies:
    "@types/prop-types": "npm:*"
    csstype: "npm:^3.0.2"
  checksum: 10c0/8bae8d9a41619804561574792e29112b413044eb0d53746dde2b9720c1f9a59f71c895bbd7987cd8ce9500b00786e53bc032dced38cddf42910458e145675290
  languageName: node
  linkType: hard

"app@workspace:.":
  version: 0.0.0-use.local
  resolution: "app@workspace:."
  dependencies:
    "@hotwired/stimulus": "npm:^3.2.2"
    "@hotwired/turbo-rails": "npm:^8.0.12"
    "@types/react-dom": "npm:^18.3.1"
    esbuild: "npm:^0.24.0"
    react: "npm:^18.3.1"
    react-dom: "npm:^18.3.1"
    react-router-dom: "npm:^6.27.0"
  languageName: unknown
  linkType: soft

"csstype@npm:^3.0.2":
  version: 3.1.3
  resolution: "csstype@npm:3.1.3"
  checksum: 10c0/80c089d6f7e0c5b2bd83cf0539ab41474198579584fa10d86d0cafe0642202343cbc119e076a0b1aece191989477081415d66c9fefbf3c957fc2fc4b7009f248
  languageName: node
  linkType: hard

"esbuild@npm:^0.24.0":
  version: 0.24.0
  resolution: "esbuild@npm:0.24.0"
  dependencies:
    "@esbuild/aix-ppc64": "npm:0.24.0"
    "@esbuild/android-arm": "npm:0.24.0"
    "@esbuild/android-arm64": "npm:0.24.0"
    "@esbuild/android-x64": "npm:0.24.0"
    "@esbuild/darwin-arm64": "npm:0.24.0"
    "@esbuild/darwin-x64": "npm:0.24.0"
    "@esbuild/freebsd-arm64": "npm:0.24.0"
    "@esbuild/freebsd-x64": "npm:0.24.0"
    "@esbuild/linux-arm": "npm:0.24.0"
    "@esbuild/linux-arm64": "npm:0.24.0"
    "@esbuild/linux-ia32": "npm:0.24.0"
    "@esbuild/linux-loong64": "npm:0.24.0"
    "@esbuild/linux-mips64el": "npm:0.24.0"
    "@esbuild/linux-ppc64": "npm:0.24.0"
    "@esbuild/linux-riscv64": "npm:0.24.0"
    "@esbuild/linux-s390x": "npm:0.24.0"
    "@esbuild/linux-x64": "npm:0.24.0"
    "@esbuild/netbsd-x64": "npm:0.24.0"
    "@esbuild/openbsd-arm64": "npm:0.24.0"
    "@esbuild/openbsd-x64": "npm:0.24.0"
    "@esbuild/sunos-x64": "npm:0.24.0"
    "@esbuild/win32-arm64": "npm:0.24.0"
    "@esbuild/win32-ia32": "npm:0.24.0"
    "@esbuild/win32-x64": "npm:0.24.0"
  dependenciesMeta:
    "@esbuild/aix-ppc64":
      optional: true
    "@esbuild/android-arm":
      optional: true
    "@esbuild/android-arm64":
      optional: true
    "@esbuild/android-x64":
      optional: true
    "@esbuild/darwin-arm64":
      optional: true
    "@esbuild/darwin-x64":
      optional: true
    "@esbuild/freebsd-arm64":
      optional: true
    "@esbuild/freebsd-x64":
      optional: true
    "@esbuild/linux-arm":
      optional: true
    "@esbuild/linux-arm64":
      optional: true
    "@esbuild/linux-ia32":
      optional: true
    "@esbuild/linux-loong64":
      optional: true
    "@esbuild/linux-mips64el":
      optional: true
    "@esbuild/linux-ppc64":
      optional: true
    "@esbuild/linux-riscv64":
      optional: true
    "@esbuild/linux-s390x":
      optional: true
    "@esbuild/linux-x64":
      optional: true
    "@esbuild/netbsd-x64":
      optional: true
    "@esbuild/openbsd-arm64":
      optional: true
    "@esbuild/openbsd-x64":
      optional: true
    "@esbuild/sunos-x64":
      optional: true
    "@esbuild/win32-arm64":
      optional: true
    "@esbuild/win32-ia32":
      optional: true
    "@esbuild/win32-x64":
      optional: true
  bin:
    esbuild: bin/esbuild
  checksum: 10c0/9f1aadd8d64f3bff422ae78387e66e51a5e09de6935a6f987b6e4e189ed00fdc2d1bc03d2e33633b094008529c8b6e06c7ad1a9782fb09fec223bf95998c0683
  languageName: node
  linkType: hard

"js-tokens@npm:^3.0.0 || ^4.0.0":
  version: 4.0.0
  resolution: "js-tokens@npm:4.0.0"
  checksum: 10c0/e248708d377aa058eacf2037b07ded847790e6de892bbad3dac0abba2e759cb9f121b00099a65195616badcb6eca8d14d975cb3e89eb1cfda644756402c8aeed
  languageName: node
  linkType: hard

"loose-envify@npm:^1.1.0":
  version: 1.4.0
  resolution: "loose-envify@npm:1.4.0"
  dependencies:
    js-tokens: "npm:^3.0.0 || ^4.0.0"
  bin:
    loose-envify: cli.js
  checksum: 10c0/655d110220983c1a4b9c0c679a2e8016d4b67f6e9c7b5435ff5979ecdb20d0813f4dec0a08674fcbdd4846a3f07edbb50a36811fd37930b94aaa0d9daceb017e
  languageName: node
  linkType: hard

"react-dom@npm:^18.3.1":
  version: 18.3.1
  resolution: "react-dom@npm:18.3.1"
  dependencies:
    loose-envify: "npm:^1.1.0"
    scheduler: "npm:^0.23.2"
  peerDependencies:
    react: ^18.3.1
  checksum: 10c0/a752496c1941f958f2e8ac56239172296fcddce1365ce45222d04a1947e0cc5547df3e8447f855a81d6d39f008d7c32eab43db3712077f09e3f67c4874973e85
  languageName: node
  linkType: hard

"react-router-dom@npm:^6.27.0":
  version: 6.27.0
  resolution: "react-router-dom@npm:6.27.0"
  dependencies:
    "@remix-run/router": "npm:1.20.0"
    react-router: "npm:6.27.0"
  peerDependencies:
    react: ">=16.8"
    react-dom: ">=16.8"
  checksum: 10c0/7db48ffd0b387af0eed060ceaf42075d074e63fbd30f4cf60993526b3610883a9ff82615965001165ed69d2bf2f1bce05c594a21c8d0d845e7b9bf203201116e
  languageName: node
  linkType: hard

"react-router@npm:6.27.0":
  version: 6.27.0
  resolution: "react-router@npm:6.27.0"
  dependencies:
    "@remix-run/router": "npm:1.20.0"
  peerDependencies:
    react: ">=16.8"
  checksum: 10c0/440d6ee00890cec92a0c2183164149fbb96363efccf52bb132a964f44e51aec2f4b5a0520c67f6f17faddaa4097090fd76f7efe58263947532fceeb11dd4cdf3
  languageName: node
  linkType: hard

"react@npm:^18.3.1":
  version: 18.3.1
  resolution: "react@npm:18.3.1"
  dependencies:
    loose-envify: "npm:^1.1.0"
  checksum: 10c0/283e8c5efcf37802c9d1ce767f302dd569dd97a70d9bb8c7be79a789b9902451e0d16334b05d73299b20f048cbc3c7d288bbbde10b701fa194e2089c237dbea3
  languageName: node
  linkType: hard

"scheduler@npm:^0.23.2":
  version: 0.23.2
  resolution: "scheduler@npm:0.23.2"
  dependencies:
    loose-envify: "npm:^1.1.0"
  checksum: 10c0/26383305e249651d4c58e6705d5f8425f153211aef95f15161c151f7b8de885f24751b377e4a0b3dd42cce09aad3f87a61dab7636859c0d89b7daf1a1e2a5c78
  languageName: node
  linkType: hard
